
Microsoft Visual Studio Solution File, Format Version 12.00
# Visual Studio 15
VisualStudioVersion = 15.0.28307.106
MinimumVisualStudioVersion = 10.0.40219.1
Project("{159641D6-6404-4A2A-AE62-294DE0FE8301}") = "TestingBatchFile", "TestingBatchFile\TestingBatchFile.dtproj", "{6FE1D58F-1D84-41C4-82C1-426A3EA8844D}"
EndProject
Global
	GlobalSection(SolutionConfigurationPlatforms) = preSolution
		Development|Default = Development|Default
	EndGlobalSection
	GlobalSection(ProjectConfigurationPlatforms) = postSolution
		{6FE1D58F-1D84-41C4-82C1-426A3EA8844D}.Development|Default.ActiveCfg = Development
		{6FE1D58F-1D84-41C4-82C1-426A3EA8844D}.Development|Default.Build.0 = Development
	EndGlobalSection
	GlobalSection(SolutionProperties) = preSolution
		HideSolutionNode = FALSE
	EndGlobalSection
	GlobalSection(ExtensibilityGlobals) = postSolution
		SolutionGuid = {51E1E1F2-1FA0-49B7-9C41-CADAA637DB36}
	EndGlobalSection
EndGlobal
